// !$*UTF8*$!
{
	archiveVersion = 1;
	classes = {
	};
	objectVersion = 50;
	objects = {

/* Begin PBXBuildFile section */
		057DAABC20C5D74900DA7A76 /* StyleExtensions.swift in Sources */ = {isa = PBXBuildFile; fileRef = 05A23ADC20C5C934001ABC6D /* StyleExtensions.swift */; };
		05A23A2420C5C337001ABC6D /* AppDelegate.swift in Sources */ = {isa = PBXBuildFile; fileRef = 05A23A2320C5C337001ABC6D /* AppDelegate.swift */; };
		05A23A3920C5C339001ABC6D /* SmashMobile_v4Tests.swift in Sources */ = {isa = PBXBuildFile; fileRef = 05A23A3820C5C339001ABC6D /* SmashMobile_v4Tests.swift */; };
		05A23A4420C5C339001ABC6D /* SmashMobile_v4UITests.swift in Sources */ = {isa = PBXBuildFile; fileRef = 05A23A4320C5C339001ABC6D /* SmashMobile_v4UITests.swift */; };
		05A23A8E20C5C3E8001ABC6D /* LaunchScreen.storyboard in Resources */ = {isa = PBXBuildFile; fileRef = 05A23A8820C5C3E8001ABC6D /* LaunchScreen.storyboard */; };
		05A23A8F20C5C3E8001ABC6D /* LogInViewController.swift in Sources */ = {isa = PBXBuildFile; fileRef = 05A23A8A20C5C3E8001ABC6D /* LogInViewController.swift */; };
		05A23A9120C5C3E8001ABC6D /* Main.storyboard in Resources */ = {isa = PBXBuildFile; fileRef = 05A23A8C20C5C3E8001ABC6D /* Main.storyboard */; };
		05A23A9320C5C3FF001ABC6D /* Assets.xcassets in Resources */ = {isa = PBXBuildFile; fileRef = 05A23A9220C5C3FF001ABC6D /* Assets.xcassets */; };
		05A23A9B20C5C408001ABC6D /* RC_HomeViewController.swift in Sources */ = {isa = PBXBuildFile; fileRef = 05A23A9420C5C407001ABC6D /* RC_HomeViewController.swift */; };
		05A23A9C20C5C408001ABC6D /* RC_SpecificJobTableViewController.swift in Sources */ = {isa = PBXBuildFile; fileRef = 05A23A9520C5C407001ABC6D /* RC_SpecificJobTableViewController.swift */; };
		05A23A9D20C5C408001ABC6D /* RC_JobsTableViewController.swift in Sources */ = {isa = PBXBuildFile; fileRef = 05A23A9620C5C407001ABC6D /* RC_JobsTableViewController.swift */; };
		05A23A9E20C5C408001ABC6D /* RC_StatusTableViewController.swift in Sources */ = {isa = PBXBuildFile; fileRef = 05A23A9720C5C408001ABC6D /* RC_StatusTableViewController.swift */; };
		05A23A9F20C5C408001ABC6D /* RC_SettingsTableViewController.swift in Sources */ = {isa = PBXBuildFile; fileRef = 05A23A9820C5C408001ABC6D /* RC_SettingsTableViewController.swift */; };
		05A23AA020C5C408001ABC6D /* RC_IndividualViewController.swift in Sources */ = {isa = PBXBuildFile; fileRef = 05A23A9920C5C408001ABC6D /* RC_IndividualViewController.swift */; };
		05A23AA120C5C408001ABC6D /* Recruiter.storyboard in Resources */ = {isa = PBXBuildFile; fileRef = 05A23A9A20C5C408001ABC6D /* Recruiter.storyboard */; };
		05A23AAA20C5C40F001ABC6D /* HM_IndividualViewController.swift in Sources */ = {isa = PBXBuildFile; fileRef = 05A23AA220C5C40E001ABC6D /* HM_IndividualViewController.swift */; };
		05A23AAB20C5C40F001ABC6D /* HM_JobsTableViewController.swift in Sources */ = {isa = PBXBuildFile; fileRef = 05A23AA320C5C40E001ABC6D /* HM_JobsTableViewController.swift */; };
		05A23AAC20C5C40F001ABC6D /* HM_HomeViewController.swift in Sources */ = {isa = PBXBuildFile; fileRef = 05A23AA420C5C40E001ABC6D /* HM_HomeViewController.swift */; };
		05A23AAD20C5C40F001ABC6D /* HiringManager.storyboard in Resources */ = {isa = PBXBuildFile; fileRef = 05A23AA520C5C40E001ABC6D /* HiringManager.storyboard */; };
		05A23AAE20C5C40F001ABC6D /* HM_MyListTableViewController.swift in Sources */ = {isa = PBXBuildFile; fileRef = 05A23AA620C5C40E001ABC6D /* HM_MyListTableViewController.swift */; };
		05A23AAF20C5C40F001ABC6D /* HM_SettingsTableViewController.swift in Sources */ = {isa = PBXBuildFile; fileRef = 05A23AA720C5C40E001ABC6D /* HM_SettingsTableViewController.swift */; };
		05A23AB020C5C40F001ABC6D /* HM_SpecificJobTableViewController.swift in Sources */ = {isa = PBXBuildFile; fileRef = 05A23AA820C5C40E001ABC6D /* HM_SpecificJobTableViewController.swift */; };
		05A23AB120C5C40F001ABC6D /* HM_StatusTableViewController.swift in Sources */ = {isa = PBXBuildFile; fileRef = 05A23AA920C5C40E001ABC6D /* HM_StatusTableViewController.swift */; };
		05A23ACF20C5C88C001ABC6D /* SourceSansPro-Black.ttf in Resources */ = {isa = PBXBuildFile; fileRef = 05A23ABA20C5C610001ABC6D /* SourceSansPro-Black.ttf */; };
		05A23AD020C5C88C001ABC6D /* SourceSansPro-BlackItalic.ttf in Resources */ = {isa = PBXBuildFile; fileRef = 05A23ABB20C5C610001ABC6D /* SourceSansPro-BlackItalic.ttf */; };
		05A23AD120C5C88C001ABC6D /* SourceSansPro-Bold.ttf in Resources */ = {isa = PBXBuildFile; fileRef = 05A23ABC20C5C610001ABC6D /* SourceSansPro-Bold.ttf */; };
		05A23AD220C5C88C001ABC6D /* SourceSansPro-BoldItalic.ttf in Resources */ = {isa = PBXBuildFile; fileRef = 05A23AB820C5C610001ABC6D /* SourceSansPro-BoldItalic.ttf */; };
		05A23AD320C5C88C001ABC6D /* SourceSansPro-ExtraLight.ttf in Resources */ = {isa = PBXBuildFile; fileRef = 05A23AB920C5C610001ABC6D /* SourceSansPro-ExtraLight.ttf */; };
		05A23AD420C5C88C001ABC6D /* SourceSansPro-ExtraLightItalic.ttf in Resources */ = {isa = PBXBuildFile; fileRef = 05A23AC120C5C610001ABC6D /* SourceSansPro-ExtraLightItalic.ttf */; };
		05A23AD520C5C88C001ABC6D /* SourceSansPro-Italic.ttf in Resources */ = {isa = PBXBuildFile; fileRef = 05A23ABD20C5C610001ABC6D /* SourceSansPro-Italic.ttf */; };
		05A23AD620C5C88C001ABC6D /* SourceSansPro-Light.ttf in Resources */ = {isa = PBXBuildFile; fileRef = 05A23ABE20C5C610001ABC6D /* SourceSansPro-Light.ttf */; };
		05A23AD720C5C88C001ABC6D /* SourceSansPro-LightItalic.ttf in Resources */ = {isa = PBXBuildFile; fileRef = 05A23AB720C5C610001ABC6D /* SourceSansPro-LightItalic.ttf */; };
		05A23AD820C5C88C001ABC6D /* SourceSansPro-Regular.ttf in Resources */ = {isa = PBXBuildFile; fileRef = 05A23ABF20C5C610001ABC6D /* SourceSansPro-Regular.ttf */; };
		05A23AD920C5C88C001ABC6D /* SourceSansPro-Semibold.ttf in Resources */ = {isa = PBXBuildFile; fileRef = 05A23AC020C5C610001ABC6D /* SourceSansPro-Semibold.ttf */; };
		05A23ADA20C5C88C001ABC6D /* SourceSansPro-SemiboldItalic.ttf in Resources */ = {isa = PBXBuildFile; fileRef = 05A23AC220C5C610001ABC6D /* SourceSansPro-SemiboldItalic.ttf */; };
		05A23ADF20C5C942001ABC6D /* StructObjects.swift in Sources */ = {isa = PBXBuildFile; fileRef = 05A23ADE20C5C942001ABC6D /* StructObjects.swift */; };
/* End PBXBuildFile section */

/* Begin PBXContainerItemProxy section */
		05A23A3520C5C339001ABC6D /* PBXContainerItemProxy */ = {
			isa = PBXContainerItemProxy;
			containerPortal = 05A23A1820C5C337001ABC6D /* Project object */;
			proxyType = 1;
			remoteGlobalIDString = 05A23A1F20C5C337001ABC6D;
			remoteInfo = SmashMobile_v4;
		};
		05A23A4020C5C339001ABC6D /* PBXContainerItemProxy */ = {
			isa = PBXContainerItemProxy;
			containerPortal = 05A23A1820C5C337001ABC6D /* Project object */;
			proxyType = 1;
			remoteGlobalIDString = 05A23A1F20C5C337001ABC6D;
			remoteInfo = SmashMobile_v4;
		};
/* End PBXContainerItemProxy section */

/* Begin PBXFileReference section */
		05A23A2020C5C337001ABC6D /* SmashMobile_v4.app */ = {isa = PBXFileReference; explicitFileType = wrapper.application; includeInIndex = 0; path = SmashMobile_v4.app; sourceTree = BUILT_PRODUCTS_DIR; };
		05A23A2320C5C337001ABC6D /* AppDelegate.swift */ = {isa = PBXFileReference; lastKnownFileType = sourcecode.swift; path = AppDelegate.swift; sourceTree = "<group>"; };
		05A23A2F20C5C339001ABC6D /* Info.plist */ = {isa = PBXFileReference; lastKnownFileType = text.plist.xml; path = Info.plist; sourceTree = "<group>"; };
		05A23A3420C5C339001ABC6D /* SmashMobile_v4Tests.xctest */ = {isa = PBXFileReference; explicitFileType = wrapper.cfbundle; includeInIndex = 0; path = SmashMobile_v4Tests.xctest; sourceTree = BUILT_PRODUCTS_DIR; };
		05A23A3820C5C339001ABC6D /* SmashMobile_v4Tests.swift */ = {isa = PBXFileReference; lastKnownFileType = sourcecode.swift; path = SmashMobile_v4Tests.swift; sourceTree = "<group>"; };
		05A23A3A20C5C339001ABC6D /* Info.plist */ = {isa = PBXFileReference; lastKnownFileType = text.plist.xml; path = Info.plist; sourceTree = "<group>"; };
		05A23A3F20C5C339001ABC6D /* SmashMobile_v4UITests.xctest */ = {isa = PBXFileReference; explicitFileType = wrapper.cfbundle; includeInIndex = 0; path = SmashMobile_v4UITests.xctest; sourceTree = BUILT_PRODUCTS_DIR; };
		05A23A4320C5C339001ABC6D /* SmashMobile_v4UITests.swift */ = {isa = PBXFileReference; lastKnownFileType = sourcecode.swift; path = SmashMobile_v4UITests.swift; sourceTree = "<group>"; };
		05A23A4520C5C339001ABC6D /* Info.plist */ = {isa = PBXFileReference; lastKnownFileType = text.plist.xml; path = Info.plist; sourceTree = "<group>"; };
		05A23A8920C5C3E8001ABC6D /* Base */ = {isa = PBXFileReference; lastKnownFileType = file.storyboard; name = Base; path = ../../../SmashMobile_v3/SmashMobile_v3/Both/Base.lproj/LaunchScreen.storyboard; sourceTree = "<group>"; };
		05A23A8A20C5C3E8001ABC6D /* LogInViewController.swift */ = {isa = PBXFileReference; fileEncoding = 4; lastKnownFileType = sourcecode.swift; name = LogInViewController.swift; path = ../../../SmashMobile_v3/SmashMobile_v3/Both/LogInViewController.swift; sourceTree = "<group>"; };
		05A23A8D20C5C3E8001ABC6D /* Base */ = {isa = PBXFileReference; lastKnownFileType = file.storyboard; name = Base; path = ../../../SmashMobile_v3/SmashMobile_v3/Both/Base.lproj/Main.storyboard; sourceTree = "<group>"; };
		05A23A9220C5C3FF001ABC6D /* Assets.xcassets */ = {isa = PBXFileReference; lastKnownFileType = folder.assetcatalog; name = Assets.xcassets; path = ../../SmashMobile_v3/SmashMobile_v3/Assets.xcassets; sourceTree = "<group>"; };
		05A23A9420C5C407001ABC6D /* RC_HomeViewController.swift */ = {isa = PBXFileReference; fileEncoding = 4; lastKnownFileType = sourcecode.swift; name = RC_HomeViewController.swift; path = ../../../SmashMobile_v3/SmashMobile_v3/Recruiter/RC_HomeViewController.swift; sourceTree = "<group>"; };
		05A23A9520C5C407001ABC6D /* RC_SpecificJobTableViewController.swift */ = {isa = PBXFileReference; fileEncoding = 4; lastKnownFileType = sourcecode.swift; name = RC_SpecificJobTableViewController.swift; path = ../../../SmashMobile_v3/SmashMobile_v3/Recruiter/RC_SpecificJobTableViewController.swift; sourceTree = "<group>"; };
		05A23A9620C5C407001ABC6D /* RC_JobsTableViewController.swift */ = {isa = PBXFileReference; fileEncoding = 4; lastKnownFileType = sourcecode.swift; name = RC_JobsTableViewController.swift; path = ../../../SmashMobile_v3/SmashMobile_v3/Recruiter/RC_JobsTableViewController.swift; sourceTree = "<group>"; };
		05A23A9720C5C408001ABC6D /* RC_StatusTableViewController.swift */ = {isa = PBXFileReference; fileEncoding = 4; lastKnownFileType = sourcecode.swift; name = RC_StatusTableViewController.swift; path = ../../../SmashMobile_v3/SmashMobile_v3/Recruiter/RC_StatusTableViewController.swift; sourceTree = "<group>"; };
		05A23A9820C5C408001ABC6D /* RC_SettingsTableViewController.swift */ = {isa = PBXFileReference; fileEncoding = 4; lastKnownFileType = sourcecode.swift; name = RC_SettingsTableViewController.swift; path = ../../../SmashMobile_v3/SmashMobile_v3/Recruiter/RC_SettingsTableViewController.swift; sourceTree = "<group>"; };
		05A23A9920C5C408001ABC6D /* RC_IndividualViewController.swift */ = {isa = PBXFileReference; fileEncoding = 4; lastKnownFileType = sourcecode.swift; name = RC_IndividualViewController.swift; path = ../../../SmashMobile_v3/SmashMobile_v3/Recruiter/RC_IndividualViewController.swift; sourceTree = "<group>"; };
		05A23A9A20C5C408001ABC6D /* Recruiter.storyboard */ = {isa = PBXFileReference; fileEncoding = 4; lastKnownFileType = file.storyboard; name = Recruiter.storyboard; path = ../../../SmashMobile_v3/SmashMobile_v3/Recruiter/Recruiter.storyboard; sourceTree = "<group>"; };
		05A23AA220C5C40E001ABC6D /* HM_IndividualViewController.swift */ = {isa = PBXFileReference; fileEncoding = 4; lastKnownFileType = sourcecode.swift; name = HM_IndividualViewController.swift; path = ../../../SmashMobile_v3/SmashMobile_v3/HiringManager/HM_IndividualViewController.swift; sourceTree = "<group>"; };
		05A23AA320C5C40E001ABC6D /* HM_JobsTableViewController.swift */ = {isa = PBXFileReference; fileEncoding = 4; lastKnownFileType = sourcecode.swift; name = HM_JobsTableViewController.swift; path = ../../../SmashMobile_v3/SmashMobile_v3/HiringManager/HM_JobsTableViewController.swift; sourceTree = "<group>"; };
		05A23AA420C5C40E001ABC6D /* HM_HomeViewController.swift */ = {isa = PBXFileReference; fileEncoding = 4; lastKnownFileType = sourcecode.swift; name = HM_HomeViewController.swift; path = ../../../SmashMobile_v3/SmashMobile_v3/HiringManager/HM_HomeViewController.swift; sourceTree = "<group>"; };
		05A23AA520C5C40E001ABC6D /* HiringManager.storyboard */ = {isa = PBXFileReference; fileEncoding = 4; lastKnownFileType = file.storyboard; name = HiringManager.storyboard; path = ../../../SmashMobile_v3/SmashMobile_v3/HiringManager/HiringManager.storyboard; sourceTree = "<group>"; };
		05A23AA620C5C40E001ABC6D /* HM_MyListTableViewController.swift */ = {isa = PBXFileReference; fileEncoding = 4; lastKnownFileType = sourcecode.swift; name = HM_MyListTableViewController.swift; path = ../../../SmashMobile_v3/SmashMobile_v3/HiringManager/HM_MyListTableViewController.swift; sourceTree = "<group>"; };
		05A23AA720C5C40E001ABC6D /* HM_SettingsTableViewController.swift */ = {isa = PBXFileReference; fileEncoding = 4; lastKnownFileType = sourcecode.swift; name = HM_SettingsTableViewController.swift; path = ../../../SmashMobile_v3/SmashMobile_v3/HiringManager/HM_SettingsTableViewController.swift; sourceTree = "<group>"; };
		05A23AA820C5C40E001ABC6D /* HM_SpecificJobTableViewController.swift */ = {isa = PBXFileReference; fileEncoding = 4; lastKnownFileType = sourcecode.swift; name = HM_SpecificJobTableViewController.swift; path = ../../../SmashMobile_v3/SmashMobile_v3/HiringManager/HM_SpecificJobTableViewController.swift; sourceTree = "<group>"; };
		05A23AA920C5C40E001ABC6D /* HM_StatusTableViewController.swift */ = {isa = PBXFileReference; fileEncoding = 4; lastKnownFileType = sourcecode.swift; name = HM_StatusTableViewController.swift; path = ../../../SmashMobile_v3/SmashMobile_v3/HiringManager/HM_StatusTableViewController.swift; sourceTree = "<group>"; };
		05A23AB720C5C610001ABC6D /* SourceSansPro-LightItalic.ttf */ = {isa = PBXFileReference; lastKnownFileType = file; name = "SourceSansPro-LightItalic.ttf"; path = "../../../../../Downloads/source-sans-pro/SourceSansPro-LightItalic.ttf"; sourceTree = "<group>"; };
		05A23AB820C5C610001ABC6D /* SourceSansPro-BoldItalic.ttf */ = {isa = PBXFileReference; lastKnownFileType = file; name = "SourceSansPro-BoldItalic.ttf"; path = "../../../../../Downloads/source-sans-pro/SourceSansPro-BoldItalic.ttf"; sourceTree = "<group>"; };
		05A23AB920C5C610001ABC6D /* SourceSansPro-ExtraLight.ttf */ = {isa = PBXFileReference; lastKnownFileType = file; name = "SourceSansPro-ExtraLight.ttf"; path = "../../../../../Downloads/source-sans-pro/SourceSansPro-ExtraLight.ttf"; sourceTree = "<group>"; };
		05A23ABA20C5C610001ABC6D /* SourceSansPro-Black.ttf */ = {isa = PBXFileReference; lastKnownFileType = file; name = "SourceSansPro-Black.ttf"; path = "../../../../../Downloads/source-sans-pro/SourceSansPro-Black.ttf"; sourceTree = "<group>"; };
		05A23ABB20C5C610001ABC6D /* SourceSansPro-BlackItalic.ttf */ = {isa = PBXFileReference; lastKnownFileType = file; name = "SourceSansPro-BlackItalic.ttf"; path = "../../../../../Downloads/source-sans-pro/SourceSansPro-BlackItalic.ttf"; sourceTree = "<group>"; };
		05A23ABC20C5C610001ABC6D /* SourceSansPro-Bold.ttf */ = {isa = PBXFileReference; lastKnownFileType = file; name = "SourceSansPro-Bold.ttf"; path = "../../../../../Downloads/source-sans-pro/SourceSansPro-Bold.ttf"; sourceTree = "<group>"; };
		05A23ABD20C5C610001ABC6D /* SourceSansPro-Italic.ttf */ = {isa = PBXFileReference; lastKnownFileType = file; name = "SourceSansPro-Italic.ttf"; path = "../../../../../Downloads/source-sans-pro/SourceSansPro-Italic.ttf"; sourceTree = "<group>"; };
		05A23ABE20C5C610001ABC6D /* SourceSansPro-Light.ttf */ = {isa = PBXFileReference; lastKnownFileType = file; name = "SourceSansPro-Light.ttf"; path = "../../../../../Downloads/source-sans-pro/SourceSansPro-Light.ttf"; sourceTree = "<group>"; };
		05A23ABF20C5C610001ABC6D /* SourceSansPro-Regular.ttf */ = {isa = PBXFileReference; lastKnownFileType = file; name = "SourceSansPro-Regular.ttf"; path = "../../../../../Downloads/source-sans-pro/SourceSansPro-Regular.ttf"; sourceTree = "<group>"; };
		05A23AC020C5C610001ABC6D /* SourceSansPro-Semibold.ttf */ = {isa = PBXFileReference; lastKnownFileType = file; name = "SourceSansPro-Semibold.ttf"; path = "../../../../../Downloads/source-sans-pro/SourceSansPro-Semibold.ttf"; sourceTree = "<group>"; };
		05A23AC120C5C610001ABC6D /* SourceSansPro-ExtraLightItalic.ttf */ = {isa = PBXFileReference; lastKnownFileType = file; name = "SourceSansPro-ExtraLightItalic.ttf"; path = "../../../../../Downloads/source-sans-pro/SourceSansPro-ExtraLightItalic.ttf"; sourceTree = "<group>"; };
		05A23AC220C5C610001ABC6D /* SourceSansPro-SemiboldItalic.ttf */ = {isa = PBXFileReference; lastKnownFileType = file; name = "SourceSansPro-SemiboldItalic.ttf"; path = "../../../../../Downloads/source-sans-pro/SourceSansPro-SemiboldItalic.ttf"; sourceTree = "<group>"; };
		05A23ADC20C5C934001ABC6D /* StyleExtensions.swift */ = {isa = PBXFileReference; lastKnownFileType = sourcecode.swift; path = StyleExtensions.swift; sourceTree = "<group>"; };
		05A23ADE20C5C942001ABC6D /* StructObjects.swift */ = {isa = PBXFileReference; lastKnownFileType = sourcecode.swift; path = StructObjects.swift; sourceTree = "<group>"; };
/* End PBXFileReference section */

/* Begin PBXFrameworksBuildPhase section */
		05A23A1D20C5C337001ABC6D /* Frameworks */ = {
			isa = PBXFrameworksBuildPhase;
			buildActionMask = 2147483647;
			files = (
			);
			runOnlyForDeploymentPostprocessing = 0;
		};
		05A23A3120C5C339001ABC6D /* Frameworks */ = {
			isa = PBXFrameworksBuildPhase;
			buildActionMask = 2147483647;
			files = (
			);
			runOnlyForDeploymentPostprocessing = 0;
		};
		05A23A3C20C5C339001ABC6D /* Frameworks */ = {
			isa = PBXFrameworksBuildPhase;
			buildActionMask = 2147483647;
			files = (
			);
			runOnlyForDeploymentPostprocessing = 0;
		};
/* End PBXFrameworksBuildPhase section */

/* Begin PBXGroup section */
		05A23A1720C5C337001ABC6D = {
			isa = PBXGroup;
			children = (
				05A23A2220C5C337001ABC6D /* SmashMobile_v4 */,
				05A23A3720C5C339001ABC6D /* SmashMobile_v4Tests */,
				05A23A4220C5C339001ABC6D /* SmashMobile_v4UITests */,
				05A23A2120C5C337001ABC6D /* Products */,
			);
			sourceTree = "<group>";
		};
		05A23A2120C5C337001ABC6D /* Products */ = {
			isa = PBXGroup;
			children = (
				05A23A2020C5C337001ABC6D /* SmashMobile_v4.app */,
				05A23A3420C5C339001ABC6D /* SmashMobile_v4Tests.xctest */,
				05A23A3F20C5C339001ABC6D /* SmashMobile_v4UITests.xctest */,
			);
			name = Products;
			sourceTree = "<group>";
		};
		05A23A2220C5C337001ABC6D /* SmashMobile_v4 */ = {
			isa = PBXGroup;
			children = (
				05A23A9220C5C3FF001ABC6D /* Assets.xcassets */,
				05A23A2F20C5C339001ABC6D /* Info.plist */,
				05A23ADC20C5C934001ABC6D /* StyleExtensions.swift */,
				05A23ADE20C5C942001ABC6D /* StructObjects.swift */,
				05A23A8520C5C3D1001ABC6D /* Both */,
				05A23A8620C5C3D5001ABC6D /* HiringManager */,
				05A23A8720C5C3DD001ABC6D /* Recruiter */,
				05A23AB620C5C607001ABC6D /* Fonts */,
			);
			path = SmashMobile_v4;
			sourceTree = "<group>";
		};
		05A23A3720C5C339001ABC6D /* SmashMobile_v4Tests */ = {
			isa = PBXGroup;
			children = (
				05A23A3820C5C339001ABC6D /* SmashMobile_v4Tests.swift */,
				05A23A3A20C5C339001ABC6D /* Info.plist */,
			);
			path = SmashMobile_v4Tests;
			sourceTree = "<group>";
		};
		05A23A4220C5C339001ABC6D /* SmashMobile_v4UITests */ = {
			isa = PBXGroup;
			children = (
				05A23A4320C5C339001ABC6D /* SmashMobile_v4UITests.swift */,
				05A23A4520C5C339001ABC6D /* Info.plist */,
			);
			path = SmashMobile_v4UITests;
			sourceTree = "<group>";
		};
		05A23A8520C5C3D1001ABC6D /* Both */ = {
			isa = PBXGroup;
			children = (
				05A23A8C20C5C3E8001ABC6D /* Main.storyboard */,
				05A23A8820C5C3E8001ABC6D /* LaunchScreen.storyboard */,
				05A23A2320C5C337001ABC6D /* AppDelegate.swift */,
				05A23A8A20C5C3E8001ABC6D /* LogInViewController.swift */,
			);
			path = Both;
			sourceTree = "<group>";
		};
		05A23A8620C5C3D5001ABC6D /* HiringManager */ = {
			isa = PBXGroup;
			children = (
				05A23AA520C5C40E001ABC6D /* HiringManager.storyboard */,
				05A23AA420C5C40E001ABC6D /* HM_HomeViewController.swift */,
				05A23AA220C5C40E001ABC6D /* HM_IndividualViewController.swift */,
				05A23AA320C5C40E001ABC6D /* HM_JobsTableViewController.swift */,
				05A23AA620C5C40E001ABC6D /* HM_MyListTableViewController.swift */,
				05A23AA720C5C40E001ABC6D /* HM_SettingsTableViewController.swift */,
				05A23AA820C5C40E001ABC6D /* HM_SpecificJobTableViewController.swift */,
				05A23AA920C5C40E001ABC6D /* HM_StatusTableViewController.swift */,
			);
			path = HiringManager;
			sourceTree = "<group>";
		};
		05A23A8720C5C3DD001ABC6D /* Recruiter */ = {
			isa = PBXGroup;
			children = (
				05A23A9A20C5C408001ABC6D /* Recruiter.storyboard */,
				05A23A9420C5C407001ABC6D /* RC_HomeViewController.swift */,
				05A23A9920C5C408001ABC6D /* RC_IndividualViewController.swift */,
				05A23A9620C5C407001ABC6D /* RC_JobsTableViewController.swift */,
				05A23A9820C5C408001ABC6D /* RC_SettingsTableViewController.swift */,
				05A23A9520C5C407001ABC6D /* RC_SpecificJobTableViewController.swift */,
				05A23A9720C5C408001ABC6D /* RC_StatusTableViewController.swift */,
			);
			path = Recruiter;
			sourceTree = "<group>";
		};
		05A23AB620C5C607001ABC6D /* Fonts */ = {
			isa = PBXGroup;
			children = (
				05A23ABA20C5C610001ABC6D /* SourceSansPro-Black.ttf */,
				05A23ABB20C5C610001ABC6D /* SourceSansPro-BlackItalic.ttf */,
				05A23ABC20C5C610001ABC6D /* SourceSansPro-Bold.ttf */,
				05A23AB820C5C610001ABC6D /* SourceSansPro-BoldItalic.ttf */,
				05A23AB920C5C610001ABC6D /* SourceSansPro-ExtraLight.ttf */,
				05A23AC120C5C610001ABC6D /* SourceSansPro-ExtraLightItalic.ttf */,
				05A23ABD20C5C610001ABC6D /* SourceSansPro-Italic.ttf */,
				05A23ABE20C5C610001ABC6D /* SourceSansPro-Light.ttf */,
				05A23AB720C5C610001ABC6D /* SourceSansPro-LightItalic.ttf */,
				05A23ABF20C5C610001ABC6D /* SourceSansPro-Regular.ttf */,
				05A23AC020C5C610001ABC6D /* SourceSansPro-Semibold.ttf */,
				05A23AC220C5C610001ABC6D /* SourceSansPro-SemiboldItalic.ttf */,
			);
			path = Fonts;
			sourceTree = "<group>";
		};
/* End PBXGroup section */

/* Begin PBXNativeTarget section */
		05A23A1F20C5C337001ABC6D /* SmashMobile_v4 */ = {
			isa = PBXNativeTarget;
			buildConfigurationList = 05A23A4820C5C339001ABC6D /* Build configuration list for PBXNativeTarget "SmashMobile_v4" */;
			buildPhases = (
				05A23A1C20C5C337001ABC6D /* Sources */,
				05A23A1D20C5C337001ABC6D /* Frameworks */,
				05A23A1E20C5C337001ABC6D /* Resources */,
			);
			buildRules = (
			);
			dependencies = (
			);
			name = SmashMobile_v4;
			productName = SmashMobile_v4;
			productReference = 05A23A2020C5C337001ABC6D /* SmashMobile_v4.app */;
			productType = "com.apple.product-type.application";
		};
		05A23A3320C5C339001ABC6D /* SmashMobile_v4Tests */ = {
			isa = PBXNativeTarget;
			buildConfigurationList = 05A23A4B20C5C339001ABC6D /* Build configuration list for PBXNativeTarget "SmashMobile_v4Tests" */;
			buildPhases = (
				05A23A3020C5C339001ABC6D /* Sources */,
				05A23A3120C5C339001ABC6D /* Frameworks */,
				05A23A3220C5C339001ABC6D /* Resources */,
			);
			buildRules = (
			);
			dependencies = (
				05A23A3620C5C339001ABC6D /* PBXTargetDependency */,
			);
			name = SmashMobile_v4Tests;
			productName = SmashMobile_v4Tests;
			productReference = 05A23A3420C5C339001ABC6D /* SmashMobile_v4Tests.xctest */;
			productType = "com.apple.product-type.bundle.unit-test";
		};
		05A23A3E20C5C339001ABC6D /* SmashMobile_v4UITests */ = {
			isa = PBXNativeTarget;
			buildConfigurationList = 05A23A4E20C5C339001ABC6D /* Build configuration list for PBXNativeTarget "SmashMobile_v4UITests" */;
			buildPhases = (
				05A23A3B20C5C339001ABC6D /* Sources */,
				05A23A3C20C5C339001ABC6D /* Frameworks */,
				05A23A3D20C5C339001ABC6D /* Resources */,
			);
			buildRules = (
			);
			dependencies = (
				05A23A4120C5C339001ABC6D /* PBXTargetDependency */,
			);
			name = SmashMobile_v4UITests;
			productName = SmashMobile_v4UITests;
			productReference = 05A23A3F20C5C339001ABC6D /* SmashMobile_v4UITests.xctest */;
			productType = "com.apple.product-type.bundle.ui-testing";
		};
/* End PBXNativeTarget section */

/* Begin PBXProject section */
		05A23A1820C5C337001ABC6D /* Project object */ = {
			isa = PBXProject;
			attributes = {
				LastSwiftUpdateCheck = 0940;
				LastUpgradeCheck = 0940;
				ORGANIZATIONNAME = SmashFly;
				TargetAttributes = {
					05A23A1F20C5C337001ABC6D = {
						CreatedOnToolsVersion = 9.4;
					};
					05A23A3320C5C339001ABC6D = {
						CreatedOnToolsVersion = 9.4;
						TestTargetID = 05A23A1F20C5C337001ABC6D;
					};
					05A23A3E20C5C339001ABC6D = {
						CreatedOnToolsVersion = 9.4;
						TestTargetID = 05A23A1F20C5C337001ABC6D;
					};
				};
			};
			buildConfigurationList = 05A23A1B20C5C337001ABC6D /* Build configuration list for PBXProject "SmashMobile_v4" */;
			compatibilityVersion = "Xcode 9.3";
			developmentRegion = en;
			hasScannedForEncodings = 0;
			knownRegions = (
				en,
				Base,
			);
			mainGroup = 05A23A1720C5C337001ABC6D;
			productRefGroup = 05A23A2120C5C337001ABC6D /* Products */;
			projectDirPath = "";
			projectRoot = "";
			targets = (
				05A23A1F20C5C337001ABC6D /* SmashMobile_v4 */,
				05A23A3320C5C339001ABC6D /* SmashMobile_v4Tests */,
				05A23A3E20C5C339001ABC6D /* SmashMobile_v4UITests */,
			);
		};
/* End PBXProject section */

/* Begin PBXResourcesBuildPhase section */
		05A23A1E20C5C337001ABC6D /* Resources */ = {
			isa = PBXResourcesBuildPhase;
			buildActionMask = 2147483647;
			files = (
				05A23AD620C5C88C001ABC6D /* SourceSansPro-Light.ttf in Resources */,
				05A23AD320C5C88C001ABC6D /* SourceSansPro-ExtraLight.ttf in Resources */,
				05A23AAD20C5C40F001ABC6D /* HiringManager.storyboard in Resources */,
				05A23AD220C5C88C001ABC6D /* SourceSansPro-BoldItalic.ttf in Resources */,
				05A23AA120C5C408001ABC6D /* Recruiter.storyboard in Resources */,
				05A23AD820C5C88C001ABC6D /* SourceSansPro-Regular.ttf in Resources */,
				05A23AD020C5C88C001ABC6D /* SourceSansPro-BlackItalic.ttf in Resources */,
				05A23A8E20C5C3E8001ABC6D /* LaunchScreen.storyboard in Resources */,
				05A23AD720C5C88C001ABC6D /* SourceSansPro-LightItalic.ttf in Resources */,
				05A23AD920C5C88C001ABC6D /* SourceSansPro-Semibold.ttf in Resources */,
				05A23ADA20C5C88C001ABC6D /* SourceSansPro-SemiboldItalic.ttf in Resources */,
				05A23AD420C5C88C001ABC6D /* SourceSansPro-ExtraLightItalic.ttf in Resources */,
				05A23A9320C5C3FF001ABC6D /* Assets.xcassets in Resources */,
				05A23ACF20C5C88C001ABC6D /* SourceSansPro-Black.ttf in Resources */,
				05A23A9120C5C3E8001ABC6D /* Main.storyboard in Resources */,
				05A23AD520C5C88C001ABC6D /* SourceSansPro-Italic.ttf in Resources */,
				05A23AD120C5C88C001ABC6D /* SourceSansPro-Bold.ttf in Resources */,
			);
			runOnlyForDeploymentPostprocessing = 0;
		};
		05A23A3220C5C339001ABC6D /* Resources */ = {
			isa = PBXResourcesBuildPhase;
			buildActionMask = 2147483647;
			files = (
			);
			runOnlyForDeploymentPostprocessing = 0;
		};
		05A23A3D20C5C339001ABC6D /* Resources */ = {
			isa = PBXResourcesBuildPhase;
			buildActionMask = 2147483647;
			files = (
			);
			runOnlyForDeploymentPostprocessing = 0;
		};
/* End PBXResourcesBuildPhase section */

/* Begin PBXSourcesBuildPhase section */
		05A23A1C20C5C337001ABC6D /* Sources */ = {
			isa = PBXSourcesBuildPhase;
			buildActionMask = 2147483647;
			files = (
				05A23A9D20C5C408001ABC6D /* RC_JobsTableViewController.swift in Sources */,
				05A23A8F20C5C3E8001ABC6D /* LogInViewController.swift in Sources */,
				05A23AAC20C5C40F001ABC6D /* HM_HomeViewController.swift in Sources */,
				05A23A2420C5C337001ABC6D /* AppDelegate.swift in Sources */,
				05A23A9F20C5C408001ABC6D /* RC_SettingsTableViewController.swift in Sources */,
				057DAABC20C5D74900DA7A76 /* StyleExtensions.swift in Sources */,
				05A23AAF20C5C40F001ABC6D /* HM_SettingsTableViewController.swift in Sources */,
				05A23A9E20C5C408001ABC6D /* RC_StatusTableViewController.swift in Sources */,
				05A23AAB20C5C40F001ABC6D /* HM_JobsTableViewController.swift in Sources */,
				05A23ADF20C5C942001ABC6D /* StructObjects.swift in Sources */,
				05A23A9B20C5C408001ABC6D /* RC_HomeViewController.swift in Sources */,
				05A23AAE20C5C40F001ABC6D /* HM_MyListTableViewController.swift in Sources */,
				05A23AB020C5C40F001ABC6D /* HM_SpecificJobTableViewController.swift in Sources */,
				05A23AAA20C5C40F001ABC6D /* HM_IndividualViewController.swift in Sources */,
				05A23AB120C5C40F001ABC6D /* HM_StatusTableViewController.swift in Sources */,
				05A23A9C20C5C408001ABC6D /* RC_SpecificJobTableViewController.swift in Sources */,
				05A23AA020C5C408001ABC6D /* RC_IndividualViewController.swift in Sources */,
			);
			runOnlyForDeploymentPostprocessing = 0;
		};
		05A23A3020C5C339001ABC6D /* Sources */ = {
			isa = PBXSourcesBuildPhase;
			buildActionMask = 2147483647;
			files = (
				05A23A3920C5C339001ABC6D /* SmashMobile_v4Tests.swift in Sources */,
			);
			runOnlyForDeploymentPostprocessing = 0;
		};
		05A23A3B20C5C339001ABC6D /* Sources */ = {
			isa = PBXSourcesBuildPhase;
			buildActionMask = 2147483647;
			files = (
				05A23A4420C5C339001ABC6D /* SmashMobile_v4UITests.swift in Sources */,
			);
			runOnlyForDeploymentPostprocessing = 0;
		};
/* End PBXSourcesBuildPhase section */

/* Begin PBXTargetDependency section */
		05A23A3620C5C339001ABC6D /* PBXTargetDependency */ = {
			isa = PBXTargetDependency;
			target = 05A23A1F20C5C337001ABC6D /* SmashMobile_v4 */;
			targetProxy = 05A23A3520C5C339001ABC6D /* PBXContainerItemProxy */;
		};
		05A23A4120C5C339001ABC6D /* PBXTargetDependency */ = {
			isa = PBXTargetDependency;
			target = 05A23A1F20C5C337001ABC6D /* SmashMobile_v4 */;
			targetProxy = 05A23A4020C5C339001ABC6D /* PBXContainerItemProxy */;
		};
/* End PBXTargetDependency section */

/* Begin PBXVariantGroup section */
		05A23A8820C5C3E8001ABC6D /* LaunchScreen.storyboard */ = {
			isa = PBXVariantGroup;
			children = (
				05A23A8920C5C3E8001ABC6D /* Base */,
			);
			name = LaunchScreen.storyboard;
			sourceTree = "<group>";
		};
		05A23A8C20C5C3E8001ABC6D /* Main.storyboard */ = {
			isa = PBXVariantGroup;
			children = (
				05A23A8D20C5C3E8001ABC6D /* Base */,
			);
			name = Main.storyboard;
			sourceTree = "<group>";
		};
/* End PBXVariantGroup section */

/* Begin XCBuildConfiguration section */
		05A23A4620C5C339001ABC6D /* Debug */ = {
			isa = XCBuildConfiguration;
			buildSettings = {
				ALWAYS_SEARCH_USER_PATHS = NO;
				CLANG_ANALYZER_NONNULL = YES;
				CLANG_ANALYZER_NUMBER_OBJECT_CONVERSION = YES_AGGRESSIVE;
				CLANG_CXX_LANGUAGE_STANDARD = "gnu++14";
				CLANG_CXX_LIBRARY = "libc++";
				CLANG_ENABLE_MODULES = YES;
				CLANG_ENABLE_OBJC_ARC = YES;
				CLANG_ENABLE_OBJC_WEAK = YES;
				CLANG_WARN_BLOCK_CAPTURE_AUTORELEASING = YES;
				CLANG_WARN_BOOL_CONVERSION = YES;
				CLANG_WARN_COMMA = YES;
				CLANG_WARN_CONSTANT_CONVERSION = YES;
				CLANG_WARN_DEPRECATED_OBJC_IMPLEMENTATIONS = YES;
				CLANG_WARN_DIRECT_OBJC_ISA_USAGE = YES_ERROR;
				CLANG_WARN_DOCUMENTATION_COMMENTS = YES;
				CLANG_WARN_EMPTY_BODY = YES;
				CLANG_WARN_ENUM_CONVERSION = YES;
				CLANG_WARN_INFINITE_RECURSION = YES;
				CLANG_WARN_INT_CONVERSION = YES;
				CLANG_WARN_NON_LITERAL_NULL_CONVERSION = YES;
				CLANG_WARN_OBJC_IMPLICIT_RETAIN_SELF = YES;
				CLANG_WARN_OBJC_LITERAL_CONVERSION = YES;
				CLANG_WARN_OBJC_ROOT_CLASS = YES_ERROR;
				CLANG_WARN_RANGE_LOOP_ANALYSIS = YES;
				CLANG_WARN_STRICT_PROTOTYPES = YES;
				CLANG_WARN_SUSPICIOUS_MOVE = YES;
				CLANG_WARN_UNGUARDED_AVAILABILITY = YES_AGGRESSIVE;
				CLANG_WARN_UNREACHABLE_CODE = YES;
				CLANG_WARN__DUPLICATE_METHOD_MATCH = YES;
				CODE_SIGN_IDENTITY = "iPhone Developer";
				COPY_PHASE_STRIP = NO;
				DEBUG_INFORMATION_FORMAT = dwarf;
				ENABLE_STRICT_OBJC_MSGSEND = YES;
				ENABLE_TESTABILITY = YES;
				GCC_C_LANGUAGE_STANDARD = gnu11;
				GCC_DYNAMIC_NO_PIC = NO;
				GCC_NO_COMMON_BLOCKS = YES;
				GCC_OPTIMIZATION_LEVEL = 0;
				GCC_PREPROCESSOR_DEFINITIONS = (
					"DEBUG=1",
					"$(inherited)",
				);
				GCC_WARN_64_TO_32_BIT_CONVERSION = YES;
				GCC_WARN_ABOUT_RETURN_TYPE = YES_ERROR;
				GCC_WARN_UNDECLARED_SELECTOR = YES;
				GCC_WARN_UNINITIALIZED_AUTOS = YES_AGGRESSIVE;
				GCC_WARN_UNUSED_FUNCTION = YES;
				GCC_WARN_UNUSED_VARIABLE = YES;
				IPHONEOS_DEPLOYMENT_TARGET = 11.4;
				MTL_ENABLE_DEBUG_INFO = YES;
				ONLY_ACTIVE_ARCH = YES;
				SDKROOT = iphoneos;
				SWIFT_ACTIVE_COMPILATION_CONDITIONS = DEBUG;
				SWIFT_OPTIMIZATION_LEVEL = "-Onone";
			};
			name = Debug;
		};
		05A23A4720C5C339001ABC6D /* Release */ = {
			isa = XCBuildConfiguration;
			buildSettings = {
				ALWAYS_SEARCH_USER_PATHS = NO;
				CLANG_ANALYZER_NONNULL = YES;
				CLANG_ANALYZER_NUMBER_OBJECT_CONVERSION = YES_AGGRESSIVE;
				CLANG_CXX_LANGUAGE_STANDARD = "gnu++14";
				CLANG_CXX_LIBRARY = "libc++";
				CLANG_ENABLE_MODULES = YES;
				CLANG_ENABLE_OBJC_ARC = YES;
				CLANG_ENABLE_OBJC_WEAK = YES;
				CLANG_WARN_BLOCK_CAPTURE_AUTORELEASING = YES;
				CLANG_WARN_BOOL_CONVERSION = YES;
				CLANG_WARN_COMMA = YES;
				CLANG_WARN_CONSTANT_CONVERSION = YES;
				CLANG_WARN_DEPRECATED_OBJC_IMPLEMENTATIONS = YES;
				CLANG_WARN_DIRECT_OBJC_ISA_USAGE = YES_ERROR;
				CLANG_WARN_DOCUMENTATION_COMMENTS = YES;
				CLANG_WARN_EMPTY_BODY = YES;
				CLANG_WARN_ENUM_CONVERSION = YES;
				CLANG_WARN_INFINITE_RECURSION = YES;
				CLANG_WARN_INT_CONVERSION = YES;
				CLANG_WARN_NON_LITERAL_NULL_CONVERSION = YES;
				CLANG_WARN_OBJC_IMPLICIT_RETAIN_SELF = YES;
				CLANG_WARN_OBJC_LITERAL_CONVERSION = YES;
				CLANG_WARN_OBJC_ROOT_CLASS = YES_ERROR;
				CLANG_WARN_RANGE_LOOP_ANALYSIS = YES;
				CLANG_WARN_STRICT_PROTOTYPES = YES;
				CLANG_WARN_SUSPICIOUS_MOVE = YES;
				CLANG_WARN_UNGUARDED_AVAILABILITY = YES_AGGRESSIVE;
				CLANG_WARN_UNREACHABLE_CODE = YES;
				CLANG_WARN__DUPLICATE_METHOD_MATCH = YES;
				CODE_SIGN_IDENTITY = "iPhone Developer";
				COPY_PHASE_STRIP = NO;
				DEBUG_INFORMATION_FORMAT = "dwarf-with-dsym";
				ENABLE_NS_ASSERTIONS = NO;
				ENABLE_STRICT_OBJC_MSGSEND = YES;
				GCC_C_LANGUAGE_STANDARD = gnu11;
				GCC_NO_COMMON_BLOCKS = YES;
				GCC_WARN_64_TO_32_BIT_CONVERSION = YES;
				GCC_WARN_ABOUT_RETURN_TYPE = YES_ERROR;
				GCC_WARN_UNDECLARED_SELECTOR = YES;
				GCC_WARN_UNINITIALIZED_AUTOS = YES_AGGRESSIVE;
				GCC_WARN_UNUSED_FUNCTION = YES;
				GCC_WARN_UNUSED_VARIABLE = YES;
				IPHONEOS_DEPLOYMENT_TARGET = 11.4;
				MTL_ENABLE_DEBUG_INFO = NO;
				SDKROOT = iphoneos;
				SWIFT_COMPILATION_MODE = wholemodule;
				SWIFT_OPTIMIZATION_LEVEL = "-O";
				VALIDATE_PRODUCT = YES;
			};
			name = Release;
		};
		05A23A4920C5C339001ABC6D /* Debug */ = {
			isa = XCBuildConfiguration;
			buildSettings = {
				ASSETCATALOG_COMPILER_APPICON_NAME = AppIcon;
				CODE_SIGN_STYLE = Automatic;
				DEVELOPMENT_TEAM = D8QVQM8CG8;
				INFOPLIST_FILE = SmashMobile_v4/Info.plist;
				LD_RUNPATH_SEARCH_PATHS = (
					"$(inherited)",
					"@executable_path/Frameworks",
				);
				PRODUCT_BUNDLE_IDENTIFIER = "SmashFly.SmashMobile-v4";
				PRODUCT_NAME = "$(TARGET_NAME)";
				SWIFT_VERSION = 4.0;
				TARGETED_DEVICE_FAMILY = "1,2";
			};
			name = Debug;
		};
		05A23A4A20C5C339001ABC6D /* Release */ = {
			isa = XCBuildConfiguration;
			buildSettings = {
				ASSETCATALOG_COMPILER_APPICON_NAME = AppIcon;
				CODE_SIGN_STYLE = Automatic;
				DEVELOPMENT_TEAM = D8QVQM8CG8;
				INFOPLIST_FILE = SmashMobile_v4/Info.plist;
				LD_RUNPATH_SEARCH_PATHS = (
					"$(inherited)",
					"@executable_path/Frameworks",
				);
				PRODUCT_BUNDLE_IDENTIFIER = "SmashFly.SmashMobile-v4";
				PRODUCT_NAME = "$(TARGET_NAME)";
				SWIFT_VERSION = 4.0;
				TARGETED_DEVICE_FAMILY = "1,2";
			};
			name = Release;
		};
		05A23A4C20C5C339001ABC6D /* Debug */ = {
			isa = XCBuildConfiguration;
			buildSettings = {
				ALWAYS_EMBED_SWIFT_STANDARD_LIBRARIES = YES;
				BUNDLE_LOADER = "$(TEST_HOST)";
				CODE_SIGN_STYLE = Automatic;
				DEVELOPMENT_TEAM = D8QVQM8CG8;
				INFOPLIST_FILE = SmashMobile_v4Tests/Info.plist;
				LD_RUNPATH_SEARCH_PATHS = (
					"$(inherited)",
					"@executable_path/Frameworks",
					"@loader_path/Frameworks",
				);
				PRODUCT_BUNDLE_IDENTIFIER = "SmashFly.SmashMobile-v4Tests";
				PRODUCT_NAME = "$(TARGET_NAME)";
				SWIFT_VERSION = 4.0;
				TARGETED_DEVICE_FAMILY = "1,2";
				TEST_HOST = "$(BUILT_PRODUCTS_DIR)/SmashMobile_v4.app/SmashMobile_v4";
			};
			name = Debug;
		};
		05A23A4D20C5C339001ABC6D /* Release */ = {
			isa = XCBuildConfiguration;
			buildSettings = {
				ALWAYS_EMBED_SWIFT_STANDARD_LIBRARIES = YES;
				BUNDLE_LOADER = "$(TEST_HOST)";
				CODE_SIGN_STYLE = Automatic;
				DEVELOPMENT_TEAM = D8QVQM8CG8;
				INFOPLIST_FILE = SmashMobile_v4Tests/Info.plist;
				LD_RUNPATH_SEARCH_PATHS = (
					"$(inherited)",
					"@executable_path/Frameworks",
					"@loader_path/Frameworks",
				);
				PRODUCT_BUNDLE_IDENTIFIER = "SmashFly.SmashMobile-v4Tests";
				PRODUCT_NAME = "$(TARGET_NAME)";
				SWIFT_VERSION = 4.0;
				TARGETED_DEVICE_FAMILY = "1,2";
				TEST_HOST = "$(BUILT_PRODUCTS_DIR)/SmashMobile_v4.app/SmashMobile_v4";
			};
			name = Release;
		};
		05A23A4F20C5C339001ABC6D /* Debug */ = {
			isa = XCBuildConfiguration;
			buildSettings = {
				ALWAYS_EMBED_SWIFT_STANDARD_LIBRARIES = YES;
				CODE_SIGN_STYLE = Automatic;
				DEVELOPMENT_TEAM = D8QVQM8CG8;
				INFOPLIST_FILE = SmashMobile_v4UITests/Info.plist;
				LD_RUNPATH_SEARCH_PATHS = (
					"$(inherited)",
					"@executable_path/Frameworks",
					"@loader_path/Frameworks",
				);
				PRODUCT_BUNDLE_IDENTIFIER = "SmashFly.SmashMobile-v4UITests";
				PRODUCT_NAME = "$(TARGET_NAME)";
				SWIFT_VERSION = 4.0;
				TARGETED_DEVICE_FAMILY = "1,2";
				TEST_TARGET_NAME = SmashMobile_v4;
			};
			name = Debug;
		};
		05A23A5020C5C339001ABC6D /* Release */ = {
			isa = XCBuildConfiguration;
			buildSettings = {
				ALWAYS_EMBED_SWIFT_STANDARD_LIBRARIES = YES;
				CODE_SIGN_STYLE = Automatic;
				DEVELOPMENT_TEAM = D8QVQM8CG8;
				INFOPLIST_FILE = SmashMobile_v4UITests/Info.plist;
				LD_RUNPATH_SEARCH_PATHS = (
					"$(inherited)",
					"@executable_path/Frameworks",
					"@loader_path/Frameworks",
				);
				PRODUCT_BUNDLE_IDENTIFIER = "SmashFly.SmashMobile-v4UITests";
				PRODUCT_NAME = "$(TARGET_NAME)";
				SWIFT_VERSION = 4.0;
				TARGETED_DEVICE_FAMILY = "1,2";
				TEST_TARGET_NAME = SmashMobile_v4;
			};
			name = Release;
		};
/* End XCBuildConfiguration section */

/* Begin XCConfigurationList section */
		05A23A1B20C5C337001ABC6D /* Build configuration list for PBXProject "SmashMobile_v4" */ = {
			isa = XCConfigurationList;
			buildConfigurations = (
				05A23A4620C5C339001ABC6D /* Debug */,
				05A23A4720C5C339001ABC6D /* Release */,
			);
			defaultConfigurationIsVisible = 0;
			defaultConfigurationName = Release;
		};
		05A23A4820C5C339001ABC6D /* Build configuration list for PBXNativeTarget "SmashMobile_v4" */ = {
			isa = XCConfigurationList;
			buildConfigurations = (
				05A23A4920C5C339001ABC6D /* Debug */,
				05A23A4A20C5C339001ABC6D /* Release */,
			);
			defaultConfigurationIsVisible = 0;
			defaultConfigurationName = Release;
		};
		05A23A4B20C5C339001ABC6D /* Build configuration list for PBXNativeTarget "SmashMobile_v4Tests" */ = {
			isa = XCConfigurationList;
			buildConfigurations = (
				05A23A4C20C5C339001ABC6D /* Debug */,
				05A23A4D20C5C339001ABC6D /* Release */,
			);
			defaultConfigurationIsVisible = 0;
			defaultConfigurationName = Release;
		};
		05A23A4E20C5C339001ABC6D /* Build configuration list for PBXNativeTarget "SmashMobile_v4UITests" */ = {
			isa = XCConfigurationList;
			buildConfigurations = (
				05A23A4F20C5C339001ABC6D /* Debug */,
				05A23A5020C5C339001ABC6D /* Release */,
			);
			defaultConfigurationIsVisible = 0;
			defaultConfigurationName = Release;
		};
/* End XCConfigurationList section */
	};
	rootObject = 05A23A1820C5C337001ABC6D /* Project object */;
}
